
Microsoft Visual Studio Solution File, Format Version 12.00
# Visual Studio 15
VisualStudioVersion = 15.0.27428.2005
MinimumVisualStudioVersion = 10.0.40219.1
Project("{FAE04EC0-301F-11D3-BF4B-00C04F79EFBC}") = "petermcneely", "petermcneely\petermcneely.csproj", "{9CC7A024-228D-4B50-9673-C13EE95D9EF2}"
EndProject
Global
	GlobalSection(SolutionConfigurationPlatforms) = preSolution
		Debug|Any CPU = Debug|Any CPU
		Release|Any CPU = Release|Any CPU
	EndGlobalSection
	GlobalSection(ProjectConfigurationPlatforms) = postSolution
		{9CC7A024-228D-4B50-9673-C13EE95D9EF2}.Debug|Any CPU.ActiveCfg = Debug|Any CPU
		{9CC7A024-228D-4B50-9673-C13EE95D9EF2}.Debug|Any CPU.Build.0 = Debug|Any CPU
		{9CC7A024-228D-4B50-9673-C13EE95D9EF2}.Release|Any CPU.ActiveCfg = Release|Any CPU
		{9CC7A024-228D-4B50-9673-C13EE95D9EF2}.Release|Any CPU.Build.0 = Release|Any CPU
	EndGlobalSection
	GlobalSection(SolutionProperties) = preSolution
		HideSolutionNode = FALSE
	EndGlobalSection
	GlobalSection(ExtensibilityGlobals) = postSolution
		SolutionGuid = {D4314FA1-A534-450D-B7FB-65ECF0B75814}
	EndGlobalSection
EndGlobal
